// !$*UTF8*$!
{
	archiveVersion = 1;
	classes = {
	};
	objectVersion = 50;
	objects = {

/* Begin PBXBuildFile section */
		18C0711921193479002F6D15 /* AppDelegate.m in Sources */ = {isa = PBXBuildFile; fileRef = 18C0711821193479002F6D15 /* AppDelegate.m */; };
		18C0711C2119347A002F6D15 /* ViewController.m in Sources */ = {isa = PBXBuildFile; fileRef = 18C0711B21193479002F6D15 /* ViewController.m */; };
		18C0711F2119347A002F6D15 /* Main.storyboard in Resources */ = {isa = PBXBuildFile; fileRef = 18C0711D2119347A002F6D15 /* Main.storyboard */; };
		18C071212119347E002F6D15 /* Assets.xcassets in Resources */ = {isa = PBXBuildFile; fileRef = 18C071202119347E002F6D15 /* Assets.xcassets */; };
		18C071242119347E002F6D15 /* LaunchScreen.storyboard in Resources */ = {isa = PBXBuildFile; fileRef = 18C071222119347E002F6D15 /* LaunchScreen.storyboard */; };
		18C071272119347E002F6D15 /* main.m in Sources */ = {isa = PBXBuildFile; fileRef = 18C071262119347E002F6D15 /* main.m */; };
		18C071312119347F002F6D15 /* Block__Tests.m in Sources */ = {isa = PBXBuildFile; fileRef = 18C071302119347F002F6D15 /* Block__Tests.m */; };
		18C0713C2119347F002F6D15 /* Block__UITests.m in Sources */ = {isa = PBXBuildFile; fileRef = 18C0713B2119347F002F6D15 /* Block__UITests.m */; };
/* End PBXBuildFile section */

/* Begin PBXContainerItemProxy section */
		18C0712D2119347F002F6D15 /* PBXContainerItemProxy */ = {
			isa = PBXContainerItemProxy;
			containerPortal = 18C0710C21193479002F6D15 /* Project object */;
			proxyType = 1;
			remoteGlobalIDString = 18C0711321193479002F6D15;
			remoteInfo = "Block学习";
		};
		18C071382119347F002F6D15 /* PBXContainerItemProxy */ = {
			isa = PBXContainerItemProxy;
			containerPortal = 18C0710C21193479002F6D15 /* Project object */;
			proxyType = 1;
			remoteGlobalIDString = 18C0711321193479002F6D15;
			remoteInfo = "Block学习";
		};
/* End PBXContainerItemProxy section */

/* Begin PBXFileReference section */
		18C0711421193479002F6D15 /* Block学习.app */ = {isa = PBXFileReference; explicitFileType = wrapper.application; includeInIndex = 0; path = "Block学习.app"; sourceTree = BUILT_PRODUCTS_DIR; };
		18C0711721193479002F6D15 /* AppDelegate.h */ = {isa = PBXFileReference; lastKnownFileType = sourcecode.c.h; path = AppDelegate.h; sourceTree = "<group>"; };
		18C0711821193479002F6D15 /* AppDelegate.m */ = {isa = PBXFileReference; lastKnownFileType = sourcecode.c.objc; path = AppDelegate.m; sourceTree = "<group>"; };
		18C0711A21193479002F6D15 /* ViewController.h */ = {isa = PBXFileReference; lastKnownFileType = sourcecode.c.h; path = ViewController.h; sourceTree = "<group>"; };
		18C0711B21193479002F6D15 /* ViewController.m */ = {isa = PBXFileReference; lastKnownFileType = sourcecode.c.objc; path = ViewController.m; sourceTree = "<group>"; };
		18C0711E2119347A002F6D15 /* Base */ = {isa = PBXFileReference; lastKnownFileType = file.storyboard; name = Base; path = Base.lproj/Main.storyboard; sourceTree = "<group>"; };
		18C071202119347E002F6D15 /* Assets.xcassets */ = {isa = PBXFileReference; lastKnownFileType = folder.assetcatalog; path = Assets.xcassets; sourceTree = "<group>"; };
		18C071232119347E002F6D15 /* Base */ = {isa = PBXFileReference; lastKnownFileType = file.storyboard; name = Base; path = Base.lproj/LaunchScreen.storyboard; sourceTree = "<group>"; };
		18C071252119347E002F6D15 /* Info.plist */ = {isa = PBXFileReference; lastKnownFileType = text.plist.xml; path = Info.plist; sourceTree = "<group>"; };
		18C071262119347E002F6D15 /* main.m */ = {isa = PBXFileReference; lastKnownFileType = sourcecode.c.objc; path = main.m; sourceTree = "<group>"; };
		18C0712C2119347F002F6D15 /* Block学习Tests.xctest */ = {isa = PBXFileReference; explicitFileType = wrapper.cfbundle; includeInIndex = 0; path = "Block学习Tests.xctest"; sourceTree = BUILT_PRODUCTS_DIR; };
		18C071302119347F002F6D15 /* Block__Tests.m */ = {isa = PBXFileReference; lastKnownFileType = sourcecode.c.objc; path = Block__Tests.m; sourceTree = "<group>"; };
		18C071322119347F002F6D15 /* Info.plist */ = {isa = PBXFileReference; lastKnownFileType = text.plist.xml; path = Info.plist; sourceTree = "<group>"; };
		18C071372119347F002F6D15 /* Block学习UITests.xctest */ = {isa = PBXFileReference; explicitFileType = wrapper.cfbundle; includeInIndex = 0; path = "Block学习UITests.xctest"; sourceTree = BUILT_PRODUCTS_DIR; };
		18C0713B2119347F002F6D15 /* Block__UITests.m */ = {isa = PBXFileReference; lastKnownFileType = sourcecode.c.objc; path = Block__UITests.m; sourceTree = "<group>"; };
		18C0713D2119347F002F6D15 /* Info.plist */ = {isa = PBXFileReference; lastKnownFileType = text.plist.xml; path = Info.plist; sourceTree = "<group>"; };
/* End PBXFileReference section */

/* Begin PBXFrameworksBuildPhase section */
		18C0711121193479002F6D15 /* Frameworks */ = {
			isa = PBXFrameworksBuildPhase;
			buildActionMask = 2147483647;
			files = (
			);
			runOnlyForDeploymentPostprocessing = 0;
		};
		18C071292119347F002F6D15 /* Frameworks */ = {
			isa = PBXFrameworksBuildPhase;
			buildActionMask = 2147483647;
			files = (
			);
			runOnlyForDeploymentPostprocessing = 0;
		};
		18C071342119347F002F6D15 /* Frameworks */ = {
			isa = PBXFrameworksBuildPhase;
			buildActionMask = 2147483647;
			files = (
			);
			runOnlyForDeploymentPostprocessing = 0;
		};
/* End PBXFrameworksBuildPhase section */

/* Begin PBXGroup section */
		18C0710B21193479002F6D15 = {
			isa = PBXGroup;
			children = (
				18C0711621193479002F6D15 /* Block学习 */,
				18C0712F2119347F002F6D15 /* Block学习Tests */,
				18C0713A2119347F002F6D15 /* Block学习UITests */,
				18C0711521193479002F6D15 /* Products */,
			);
			sourceTree = "<group>";
		};
		18C0711521193479002F6D15 /* Products */ = {
			isa = PBXGroup;
			children = (
				18C0711421193479002F6D15 /* Block学习.app */,
				18C0712C2119347F002F6D15 /* Block学习Tests.xctest */,
				18C071372119347F002F6D15 /* Block学习UITests.xctest */,
			);
			name = Products;
			sourceTree = "<group>";
		};
		18C0711621193479002F6D15 /* Block学习 */ = {
			isa = PBXGroup;
			children = (
				18C0711721193479002F6D15 /* AppDelegate.h */,
				18C0711821193479002F6D15 /* AppDelegate.m */,
				18C0711A21193479002F6D15 /* ViewController.h */,
				18C0711B21193479002F6D15 /* ViewController.m */,
				18C0711D2119347A002F6D15 /* Main.storyboard */,
				18C071202119347E002F6D15 /* Assets.xcassets */,
				18C071222119347E002F6D15 /* LaunchScreen.storyboard */,
				18C071252119347E002F6D15 /* Info.plist */,
				18C071262119347E002F6D15 /* main.m */,
			);
			path = "Block学习";
			sourceTree = "<group>";
		};
		18C0712F2119347F002F6D15 /* Block学习Tests */ = {
			isa = PBXGroup;
			children = (
				18C071302119347F002F6D15 /* Block__Tests.m */,
				18C071322119347F002F6D15 /* Info.plist */,
			);
			path = "Block学习Tests";
			sourceTree = "<group>";
		};
		18C0713A2119347F002F6D15 /* Block学习UITests */ = {
			isa = PBXGroup;
			children = (
				18C0713B2119347F002F6D15 /* Block__UITests.m */,
				18C0713D2119347F002F6D15 /* Info.plist */,
			);
			path = "Block学习UITests";
			sourceTree = "<group>";
		};
/* End PBXGroup section */

/* Begin PBXNativeTarget section */
		18C0711321193479002F6D15 /* Block学习 */ = {
			isa = PBXNativeTarget;
			buildConfigurationList = 18C071402119347F002F6D15 /* Build configuration list for PBXNativeTarget "Block学习" */;
			buildPhases = (
				18C0711021193479002F6D15 /* Sources */,
				18C0711121193479002F6D15 /* Frameworks */,
				18C0711221193479002F6D15 /* Resources */,
			);
			buildRules = (
			);
			dependencies = (
			);
			name = "Block学习";
			productName = "Block学习";
			productReference = 18C0711421193479002F6D15 /* Block学习.app */;
			productType = "com.apple.product-type.application";
		};
		18C0712B2119347F002F6D15 /* Block学习Tests */ = {
			isa = PBXNativeTarget;
			buildConfigurationList = 18C071432119347F002F6D15 /* Build configuration list for PBXNativeTarget "Block学习Tests" */;
			buildPhases = (
				18C071282119347F002F6D15 /* Sources */,
				18C071292119347F002F6D15 /* Frameworks */,
				18C0712A2119347F002F6D15 /* Resources */,
			);
			buildRules = (
			);
			dependencies = (
				18C0712E2119347F002F6D15 /* PBXTargetDependency */,
			);
			name = "Block学习Tests";
			productName = "Block学习Tests";
			productReference = 18C0712C2119347F002F6D15 /* Block学习Tests.xctest */;
			productType = "com.apple.product-type.bundle.unit-test";
		};
		18C071362119347F002F6D15 /* Block学习UITests */ = {
			isa = PBXNativeTarget;
			buildConfigurationList = 18C071462119347F002F6D15 /* Build configuration list for PBXNativeTarget "Block学习UITests" */;
			buildPhases = (
				18C071332119347F002F6D15 /* Sources */,
				18C071342119347F002F6D15 /* Frameworks */,
				18C071352119347F002F6D15 /* Resources */,
			);
			buildRules = (
			);
			dependencies = (
				18C071392119347F002F6D15 /* PBXTargetDependency */,
			);
			name = "Block学习UITests";
			productName = "Block学习UITests";
			productReference = 18C071372119347F002F6D15 /* Block学习UITests.xctest */;
			productType = "com.apple.product-type.bundle.ui-testing";
		};
/* End PBXNativeTarget section */

/* Begin PBXProject section */
		18C0710C21193479002F6D15 /* Project object */ = {
			isa = PBXProject;
			attributes = {
				LastUpgradeCheck = 0940;
				ORGANIZATIONNAME = "张磊";
				TargetAttributes = {
					18C0711321193479002F6D15 = {
						CreatedOnToolsVersion = 9.4;
					};
					18C0712B2119347F002F6D15 = {
						CreatedOnToolsVersion = 9.4;
						TestTargetID = 18C0711321193479002F6D15;
					};
					18C071362119347F002F6D15 = {
						CreatedOnToolsVersion = 9.4;
						TestTargetID = 18C0711321193479002F6D15;
					};
				};
			};
			buildConfigurationList = 18C0710F21193479002F6D15 /* Build configuration list for PBXProject "Block学习" */;
			compatibilityVersion = "Xcode 9.3";
			developmentRegion = en;
			hasScannedForEncodings = 0;
			knownRegions = (
				en,
				Base,
			);
			mainGroup = 18C0710B21193479002F6D15;
			productRefGroup = 18C0711521193479002F6D15 /* Products */;
			projectDirPath = "";
			projectRoot = "";
			targets = (
				18C0711321193479002F6D15 /* Block学习 */,
				18C0712B2119347F002F6D15 /* Block学习Tests */,
				18C071362119347F002F6D15 /* Block学习UITests */,
			);
		};
/* End PBXProject section */

/* Begin PBXResourcesBuildPhase section */
		18C0711221193479002F6D15 /* Resources */ = {
			isa = PBXResourcesBuildPhase;
			buildActionMask = 2147483647;
			files = (
				18C071242119347E002F6D15 /* LaunchScreen.storyboard in Resources */,
				18C071212119347E002F6D15 /* Assets.xcassets in Resources */,
				18C0711F2119347A002F6D15 /* Main.storyboard in Resources */,
			);
			runOnlyForDeploymentPostprocessing = 0;
		};
		18C0712A2119347F002F6D15 /* Resources */ = {
			isa = PBXResourcesBuildPhase;
			buildActionMask = 2147483647;
			files = (
			);
			runOnlyForDeploymentPostprocessing = 0;
		};
		18C071352119347F002F6D15 /* Resources */ = {
			isa = PBXResourcesBuildPhase;
			buildActionMask = 2147483647;
			files = (
			);
			runOnlyForDeploymentPostprocessing = 0;
		};
/* End PBXResourcesBuildPhase section */

/* Begin PBXSourcesBuildPhase section */
		18C0711021193479002F6D15 /* Sources */ = {
			isa = PBXSourcesBuildPhase;
			buildActionMask = 2147483647;
			files = (
				18C0711C2119347A002F6D15 /* ViewController.m in Sources */,
				18C071272119347E002F6D15 /* main.m in Sources */,
				18C0711921193479002F6D15 /* AppDelegate.m in Sources */,
			);
			runOnlyForDeploymentPostprocessing = 0;
		};
		18C071282119347F002F6D15 /* Sources */ = {
			isa = PBXSourcesBuildPhase;
			buildActionMask = 2147483647;
			files = (
				18C071312119347F002F6D15 /* Block__Tests.m in Sources */,
			);
			runOnlyForDeploymentPostprocessing = 0;
		};
		18C071332119347F002F6D15 /* Sources */ = {
			isa = PBXSourcesBuildPhase;
			buildActionMask = 2147483647;
			files = (
				18C0713C2119347F002F6D15 /* Block__UITests.m in Sources */,
			);
			runOnlyForDeploymentPostprocessing = 0;
		};
/* End PBXSourcesBuildPhase section */

/* Begin PBXTargetDependency section */
		18C0712E2119347F002F6D15 /* PBXTargetDependency */ = {
			isa = PBXTargetDependency;
			target = 18C0711321193479002F6D15 /* Block学习 */;
			targetProxy = 18C0712D2119347F002F6D15 /* PBXContainerItemProxy */;
		};
		18C071392119347F002F6D15 /* PBXTargetDependency */ = {
			isa = PBXTargetDependency;
			target = 18C0711321193479002F6D15 /* Block学习 */;
			targetProxy = 18C071382119347F002F6D15 /* PBXContainerItemProxy */;
		};
/* End PBXTargetDependency section */

/* Begin PBXVariantGroup section */
		18C0711D2119347A002F6D15 /* Main.storyboard */ = {
			isa = PBXVariantGroup;
			children = (
				18C0711E2119347A002F6D15 /* Base */,
			);
			name = Main.storyboard;
			sourceTree = "<group>";
		};
		18C071222119347E002F6D15 /* LaunchScreen.storyboard */ = {
			isa = PBXVariantGroup;
			children = (
				18C071232119347E002F6D15 /* Base */,
			);
			name = LaunchScreen.storyboard;
			sourceTree = "<group>";
		};
/* End PBXVariantGroup section */

/* Begin XCBuildConfiguration section */
		18C0713E2119347F002F6D15 /* Debug */ = {
			isa = XCBuildConfiguration;
			buildSettings = {
				ALWAYS_SEARCH_USER_PATHS = NO;
				CLANG_ANALYZER_NONNULL = YES;
				CLANG_ANALYZER_NUMBER_OBJECT_CONVERSION = YES_AGGRESSIVE;
				CLANG_CXX_LANGUAGE_STANDARD = "gnu++14";
				CLANG_CXX_LIBRARY = "libc++";
				CLANG_ENABLE_MODULES = YES;
				CLANG_ENABLE_OBJC_ARC = YES;
				CLANG_ENABLE_OBJC_WEAK = YES;
				CLANG_WARN_BLOCK_CAPTURE_AUTORELEASING = YES;
				CLANG_WARN_BOOL_CONVERSION = YES;
				CLANG_WARN_COMMA = YES;
				CLANG_WARN_CONSTANT_CONVERSION = YES;
				CLANG_WARN_DEPRECATED_OBJC_IMPLEMENTATIONS = YES;
				CLANG_WARN_DIRECT_OBJC_ISA_USAGE = YES_ERROR;
				CLANG_WARN_DOCUMENTATION_COMMENTS = YES;
				CLANG_WARN_EMPTY_BODY = YES;
				CLANG_WARN_ENUM_CONVERSION = YES;
				CLANG_WARN_INFINITE_RECURSION = YES;
				CLANG_WARN_INT_CONVERSION = YES;
				CLANG_WARN_NON_LITERAL_NULL_CONVERSION = YES;
				CLANG_WARN_OBJC_IMPLICIT_RETAIN_SELF = YES;
				CLANG_WARN_OBJC_LITERAL_CONVERSION = YES;
				CLANG_WARN_OBJC_ROOT_CLASS = YES_ERROR;
				CLANG_WARN_RANGE_LOOP_ANALYSIS = YES;
				CLANG_WARN_STRICT_PROTOTYPES = YES;
				CLANG_WARN_SUSPICIOUS_MOVE = YES;
				CLANG_WARN_UNGUARDED_AVAILABILITY = YES_AGGRESSIVE;
				CLANG_WARN_UNREACHABLE_CODE = YES;
				CLANG_WARN__DUPLICATE_METHOD_MATCH = YES;
				CODE_SIGN_IDENTITY = "iPhone Developer";
				COPY_PHASE_STRIP = NO;
				DEBUG_INFORMATION_FORMAT = dwarf;
				ENABLE_STRICT_OBJC_MSGSEND = YES;
				ENABLE_TESTABILITY = YES;
				GCC_C_LANGUAGE_STANDARD = gnu11;
				GCC_DYNAMIC_NO_PIC = NO;
				GCC_NO_COMMON_BLOCKS = YES;
				GCC_OPTIMIZATION_LEVEL = 0;
				GCC_PREPROCESSOR_DEFINITIONS = (
					"DEBUG=1",
					"$(inherited)",
				);
				GCC_WARN_64_TO_32_BIT_CONVERSION = YES;
				GCC_WARN_ABOUT_RETURN_TYPE = YES_ERROR;
				GCC_WARN_UNDECLARED_SELECTOR = YES;
				GCC_WARN_UNINITIALIZED_AUTOS = YES_AGGRESSIVE;
				GCC_WARN_UNUSED_FUNCTION = YES;
				GCC_WARN_UNUSED_VARIABLE = YES;
				IPHONEOS_DEPLOYMENT_TARGET = 11.4;
				MTL_ENABLE_DEBUG_INFO = YES;
				ONLY_ACTIVE_ARCH = YES;
				SDKROOT = iphoneos;
			};
			name = Debug;
		};
		18C0713F2119347F002F6D15 /* Release */ = {
			isa = XCBuildConfiguration;
			buildSettings = {
				ALWAYS_SEARCH_USER_PATHS = NO;
				CLANG_ANALYZER_NONNULL = YES;
				CLANG_ANALYZER_NUMBER_OBJECT_CONVERSION = YES_AGGRESSIVE;
				CLANG_CXX_LANGUAGE_STANDARD = "gnu++14";
				CLANG_CXX_LIBRARY = "libc++";
				CLANG_ENABLE_MODULES = YES;
				CLANG_ENABLE_OBJC_ARC = YES;
				CLANG_ENABLE_OBJC_WEAK = YES;
				CLANG_WARN_BLOCK_CAPTURE_AUTORELEASING = YES;
				CLANG_WARN_BOOL_CONVERSION = YES;
				CLANG_WARN_COMMA = YES;
				CLANG_WARN_CONSTANT_CONVERSION = YES;
				CLANG_WARN_DEPRECATED_OBJC_IMPLEMENTATIONS = YES;
				CLANG_WARN_DIRECT_OBJC_ISA_USAGE = YES_ERROR;
				CLANG_WARN_DOCUMENTATION_COMMENTS = YES;
				CLANG_WARN_EMPTY_BODY = YES;
				CLANG_WARN_ENUM_CONVERSION = YES;
				CLANG_WARN_INFINITE_RECURSION = YES;
				CLANG_WARN_INT_CONVERSION = YES;
				CLANG_WARN_NON_LITERAL_NULL_CONVERSION = YES;
				CLANG_WARN_OBJC_IMPLICIT_RETAIN_SELF = YES;
				CLANG_WARN_OBJC_LITERAL_CONVERSION = YES;
				CLANG_WARN_OBJC_ROOT_CLASS = YES_ERROR;
				CLANG_WARN_RANGE_LOOP_ANALYSIS = YES;
				CLANG_WARN_STRICT_PROTOTYPES = YES;
				CLANG_WARN_SUSPICIOUS_MOVE = YES;
				CLANG_WARN_UNGUARDED_AVAILABILITY = YES_AGGRESSIVE;
				CLANG_WARN_UNREACHABLE_CODE = YES;
				CLANG_WARN__DUPLICATE_METHOD_MATCH = YES;
				CODE_SIGN_IDENTITY = "iPhone Developer";
				COPY_PHASE_STRIP = NO;
				DEBUG_INFORMATION_FORMAT = "dwarf-with-dsym";
				ENABLE_NS_ASSERTIONS = NO;
				ENABLE_STRICT_OBJC_MSGSEND = YES;
				GCC_C_LANGUAGE_STANDARD = gnu11;
				GCC_NO_COMMON_BLOCKS = YES;
				GCC_WARN_64_TO_32_BIT_CONVERSION = YES;
				GCC_WARN_ABOUT_RETURN_TYPE = YES_ERROR;
				GCC_WARN_UNDECLARED_SELECTOR = YES;
				GCC_WARN_UNINITIALIZED_AUTOS = YES_AGGRESSIVE;
				GCC_WARN_UNUSED_FUNCTION = YES;
				GCC_WARN_UNUSED_VARIABLE = YES;
				IPHONEOS_DEPLOYMENT_TARGET = 11.4;
				MTL_ENABLE_DEBUG_INFO = NO;
				SDKROOT = iphoneos;
				VALIDATE_PRODUCT = YES;
			};
			name = Release;
		};
		18C071412119347F002F6D15 /* Debug */ = {
			isa = XCBuildConfiguration;
			buildSettings = {
				ASSETCATALOG_COMPILER_APPICON_NAME = AppIcon;
				CODE_SIGN_STYLE = Automatic;
				INFOPLIST_FILE = "Block学习/Info.plist";
				LD_RUNPATH_SEARCH_PATHS = (
					"$(inherited)",
					"@executable_path/Frameworks",
				);
				PRODUCT_BUNDLE_IDENTIFIER = "ZL.Block--";
				PRODUCT_NAME = "$(TARGET_NAME)";
				TARGETED_DEVICE_FAMILY = "1,2";
			};
			name = Debug;
		};
		18C071422119347F002F6D15 /* Release */ = {
			isa = XCBuildConfiguration;
			buildSettings = {
				ASSETCATALOG_COMPILER_APPICON_NAME = AppIcon;
				CODE_SIGN_STYLE = Automatic;
				INFOPLIST_FILE = "Block学习/Info.plist";
				LD_RUNPATH_SEARCH_PATHS = (
					"$(inherited)",
					"@executable_path/Frameworks",
				);
				PRODUCT_BUNDLE_IDENTIFIER = "ZL.Block--";
				PRODUCT_NAME = "$(TARGET_NAME)";
				TARGETED_DEVICE_FAMILY = "1,2";
			};
			name = Release;
		};
		18C071442119347F002F6D15 /* Debug */ = {
			isa = XCBuildConfiguration;
			buildSettings = {
				BUNDLE_LOADER = "$(TEST_HOST)";
				CODE_SIGN_STYLE = Automatic;
				INFOPLIST_FILE = "Block学习Tests/Info.plist";
				LD_RUNPATH_SEARCH_PATHS = (
					"$(inherited)",
					"@executable_path/Frameworks",
					"@loader_path/Frameworks",
				);
				PRODUCT_BUNDLE_IDENTIFIER = "ZL.Block--Tests";
				PRODUCT_NAME = "$(TARGET_NAME)";
				TARGETED_DEVICE_FAMILY = "1,2";
				TEST_HOST = "$(BUILT_PRODUCTS_DIR)/Block学习.app/Block学习";
			};
			name = Debug;
		};
		18C071452119347F002F6D15 /* Release */ = {
			isa = XCBuildConfiguration;
			buildSettings = {
				BUNDLE_LOADER = "$(TEST_HOST)";
				CODE_SIGN_STYLE = Automatic;
				INFOPLIST_FILE = "Block学习Tests/Info.plist";
				LD_RUNPATH_SEARCH_PATHS = (
					"$(inherited)",
					"@executable_path/Frameworks",
					"@loader_path/Frameworks",
				);
				PRODUCT_BUNDLE_IDENTIFIER = "ZL.Block--Tests";
				PRODUCT_NAME = "$(TARGET_NAME)";
				TARGETED_DEVICE_FAMILY = "1,2";
				TEST_HOST = "$(BUILT_PRODUCTS_DIR)/Block学习.app/Block学习";
			};
			name = Release;
		};
		18C071472119347F002F6D15 /* Debug */ = {
			isa = XCBuildConfiguration;
			buildSettings = {
				CODE_SIGN_STYLE = Automatic;
				INFOPLIST_FILE = "Block学习UITests/Info.plist";
				LD_RUNPATH_SEARCH_PATHS = (
					"$(inherited)",
					"@executable_path/Frameworks",
					"@loader_path/Frameworks",
				);
				PRODUCT_BUNDLE_IDENTIFIER = "ZL.Block--UITests";
				PRODUCT_NAME = "$(TARGET_NAME)";
				TARGETED_DEVICE_FAMILY = "1,2";
				TEST_TARGET_NAME = "Block学习";
			};
			name = Debug;
		};
		18C071482119347F002F6D15 /* Release */ = {
			isa = XCBuildConfiguration;
			buildSettings = {
				CODE_SIGN_STYLE = Automatic;
				INFOPLIST_FILE = "Block学习UITests/Info.plist";
				LD_RUNPATH_SEARCH_PATHS = (
					"$(inherited)",
					"@executable_path/Frameworks",
					"@loader_path/Frameworks",
				);
				PRODUCT_BUNDLE_IDENTIFIER = "ZL.Block--UITests";
				PRODUCT_NAME = "$(TARGET_NAME)";
				TARGETED_DEVICE_FAMILY = "1,2";
				TEST_TARGET_NAME = "Block学习";
			};
			name = Release;
		};
/* End XCBuildConfiguration section */

/* Begin XCConfigurationList section */
		18C0710F21193479002F6D15 /* Build configuration list for PBXProject "Block学习" */ = {
			isa = XCConfigurationList;
			buildConfigurations = (
				18C0713E2119347F002F6D15 /* Debug */,
				18C0713F2119347F002F6D15 /* Release */,
			);
			defaultConfigurationIsVisible = 0;
			defaultConfigurationName = Release;
		};
		18C071402119347F002F6D15 /* Build configuration list for PBXNativeTarget "Block学习" */ = {
			isa = XCConfigurationList;
			buildConfigurations = (
				18C071412119347F002F6D15 /* Debug */,
				18C071422119347F002F6D15 /* Release */,
			);
			defaultConfigurationIsVisible = 0;
			defaultConfigurationName = Release;
		};
		18C071432119347F002F6D15 /* Build configuration list for PBXNativeTarget "Block学习Tests" */ = {
			isa = XCConfigurationList;
			buildConfigurations = (
				18C071442119347F002F6D15 /* Debug */,
				18C071452119347F002F6D15 /* Release */,
			);
			defaultConfigurationIsVisible = 0;
			defaultConfigurationName = Release;
		};
		18C071462119347F002F6D15 /* Build configuration list for PBXNativeTarget "Block学习UITests" */ = {
			isa = XCConfigurationList;
			buildConfigurations = (
				18C071472119347F002F6D15 /* Debug */,
				18C071482119347F002F6D15 /* Release */,
			);
			defaultConfigurationIsVisible = 0;
			defaultConfigurationName = Release;
		};
/* End XCConfigurationList section */
	};
	rootObject = 18C0710C21193479002F6D15 /* Project object */;
}
